Microsoft Visual Studio Solution File, Format Version 12.00
# Visual Studio Version 16
VisualStudioVersion = 16.0.29503.13
MinimumVisualStudioVersion = 10.0.40219.1
Project("{FAE04EC0-301F-11D3-BF4B-00C04F79EFBC}") = "SmartLock.Presentation.Droid", "Projects\SmartLock.Presentation.Droid\SmartLock.Presentation.Droid.csproj", "{E6C2BCC9-C45A-4428-B1B9-BF1B5681FCDD}"
EndProject
Project("{FAE04EC0-301F-11D3-BF4B-00C04F79EFBC}") = "SmartLock.Presentation.iOS", "Projects\SmartLock.Presentation.iOS\SmartLock.Presentation.iOS.csproj", "{56325A4B-2288-4DA1-9AE0-48F136B9D8E5}"
EndProject
Project("{FAE04EC0-301F-11D3-BF4B-00C04F79EFBC}") = "SmartLock.Presentation.Core", "Projects\SmartLock.Presentation.Core\SmartLock.Presentation.Core.csproj", "{FA3BBEA8-C3BB-4712-89F6-032358ED1F15}"
EndProject
Project("{FAE04EC0-301F-11D3-BF4B-00C04F79EFBC}") = "SmartLock.Infrastructure", "Projects\SmartLock.Infrastructure\SmartLock.Infrastructure.csproj", "{877B20A8-F4E9-467D-9ACF-A655BCF4D7B8}"
EndProject
Project("{FAE04EC0-301F-11D3-BF4B-00C04F79EFBC}") = "SmartLock.Logic", "Projects\SmartLock.Logic\SmartLock.Logic.csproj", "{6B8DF39E-F52F-48A0-874B-2F2B107E2545}"
EndProject
Project("{FAE04EC0-301F-11D3-BF4B-00C04F79EFBC}") = "SmartLock.Model", "Projects\SmartLock.Model\SmartLock.Model.csproj", "{9F56383C-3723-47EA-9202-B2271D0FF56E}"
EndProject
Project("{2150E333-8FDC-42A3-9474-1A3956D46DE8}") = "Core", "Core", "{703B24E3-3159-4960-891E-1548ED4889CE}"
EndProject
Project("{2150E333-8FDC-42A3-9474-1A3956D46DE8}") = "Presentation", "Presentation", "{5FF552D4-8A9B-418C-9C32-B759E5592E5F}"
EndProject
Project("{2150E333-8FDC-42A3-9474-1A3956D46DE8}") = "Model", "Model", "{FB3FA6CD-1071-453E-91CA-B11BA56F64B9}"
EndProject
Project("{2150E333-8FDC-42A3-9474-1A3956D46DE8}") = "Solution Items", "Solution Items", "{B90B890F-2EE7-4268-910E-3BE041FE9292}"
	ProjectSection(SolutionItems) = preProject
		ReadMe.txt = ReadMe.txt
		Settings.StyleCop = Settings.StyleCop
	EndProjectSection
EndProject
Global
	GlobalSection(SolutionConfigurationPlatforms) = preSolution
		AppStore|Any CPU = AppStore|Any CPU
		AppStore|ARM = AppStore|ARM
		AppStore|iPhone = AppStore|iPhone
		AppStore|iPhoneSimulator = AppStore|iPhoneSimulator
		AppStore|x64 = AppStore|x64
		AppStore|x86 = AppStore|x86
		Debug|Any CPU = Debug|Any CPU
		Debug|ARM = Debug|ARM
		Debug|iPhone = Debug|iPhone
		Debug|iPhoneSimulator = Debug|iPhoneSimulator
		Debug|x64 = Debug|x64
		Debug|x86 = Debug|x86
		Release|Any CPU = Release|Any CPU
		Release|ARM = Release|ARM
		Release|iPhone = Release|iPhone
		Release|iPhoneSimulator = Release|iPhoneSimulator
		Release|x64 = Release|x64
		Release|x86 = Release|x86
	EndGlobalSection
	GlobalSection(ProjectConfigurationPlatforms) = postSolution
		{E6C2BCC9-C45A-4428-B1B9-BF1B5681FCDD}.AppStore|Any CPU.ActiveCfg = Release|Any CPU
		{E6C2BCC9-C45A-4428-B1B9-BF1B5681FCDD}.AppStore|Any CPU.Build.0 = Release|Any CPU
		{E6C2BCC9-C45A-4428-B1B9-BF1B5681FCDD}.AppStore|Any CPU.Deploy.0 = Release|Any CPU
		{E6C2BCC9-C45A-4428-B1B9-BF1B5681FCDD}.AppStore|ARM.ActiveCfg = Release|Any CPU
		{E6C2BCC9-C45A-4428-B1B9-BF1B5681FCDD}.AppStore|ARM.Build.0 = Release|Any CPU
		{E6C2BCC9-C45A-4428-B1B9-BF1B5681FCDD}.AppStore|ARM.Deploy.0 = Release|Any CPU
		{E6C2BCC9-C45A-4428-B1B9-BF1B5681FCDD}.AppStore|iPhone.ActiveCfg = Release|Any CPU
		{E6C2BCC9-C45A-4428-B1B9-BF1B5681FCDD}.AppStore|iPhone.Deploy.0 = Release|Any CPU
		{E6C2BCC9-C45A-4428-B1B9-BF1B5681FCDD}.AppStore|iPhoneSimulator.ActiveCfg = Release|Any CPU
		{E6C2BCC9-C45A-4428-B1B9-BF1B5681FCDD}.AppStore|iPhoneSimulator.Build.0 = Release|Any CPU
		{E6C2BCC9-C45A-4428-B1B9-BF1B5681FCDD}.AppStore|iPhoneSimulator.Deploy.0 = Release|Any CPU
		{E6C2BCC9-C45A-4428-B1B9-BF1B5681FCDD}.AppStore|x64.ActiveCfg = Debug|Any CPU
		{E6C2BCC9-C45A-4428-B1B9-BF1B5681FCDD}.AppStore|x86.ActiveCfg = Release|Any CPU
		{E6C2BCC9-C45A-4428-B1B9-BF1B5681FCDD}.AppStore|x86.Build.0 = Release|Any CPU
		{E6C2BCC9-C45A-4428-B1B9-BF1B5681FCDD}.AppStore|x86.Deploy.0 = Release|Any CPU
		{E6C2BCC9-C45A-4428-B1B9-BF1B5681FCDD}.Debug|Any CPU.ActiveCfg = Debug|Any CPU
		{E6C2BCC9-C45A-4428-B1B9-BF1B5681FCDD}.Debug|Any CPU.Build.0 = Debug|Any CPU
		{E6C2BCC9-C45A-4428-B1B9-BF1B5681FCDD}.Debug|Any CPU.Deploy.0 = Debug|Any CPU
		{E6C2BCC9-C45A-4428-B1B9-BF1B5681FCDD}.Debug|ARM.ActiveCfg = Debug|Any CPU
		{E6C2BCC9-C45A-4428-B1B9-BF1B5681FCDD}.Debug|ARM.Build.0 = Debug|Any CPU
		{E6C2BCC9-C45A-4428-B1B9-BF1B5681FCDD}.Debug|ARM.Deploy.0 = Debug|Any CPU
		{E6C2BCC9-C45A-4428-B1B9-BF1B5681FCDD}.Debug|iPhone.ActiveCfg = Debug|Any CPU
		{E6C2BCC9-C45A-4428-B1B9-BF1B5681FCDD}.Debug|iPhone.Build.0 = Debug|Any CPU
		{E6C2BCC9-C45A-4428-B1B9-BF1B5681FCDD}.Debug|iPhone.Deploy.0 = Debug|Any CPU
		{E6C2BCC9-C45A-4428-B1B9-BF1B5681FCDD}.Debug|iPhoneSimulator.ActiveCfg = Debug|Any CPU
		{E6C2BCC9-C45A-4428-B1B9-BF1B5681FCDD}.Debug|x64.ActiveCfg = Debug|Any CPU
		{E6C2BCC9-C45A-4428-B1B9-BF1B5681FCDD}.Debug|x86.ActiveCfg = Debug|Any CPU
		{E6C2BCC9-C45A-4428-B1B9-BF1B5681FCDD}.Release|Any CPU.ActiveCfg = Release|Any CPU
		{E6C2BCC9-C45A-4428-B1B9-BF1B5681FCDD}.Release|Any CPU.Build.0 = Release|Any CPU
		{E6C2BCC9-C45A-4428-B1B9-BF1B5681FCDD}.Release|Any CPU.Deploy.0 = Release|Any CPU
		{E6C2BCC9-C45A-4428-B1B9-BF1B5681FCDD}.Release|ARM.ActiveCfg = Release|Any CPU
		{E6C2BCC9-C45A-4428-B1B9-BF1B5681FCDD}.Release|ARM.Build.0 = Release|Any CPU
		{E6C2BCC9-C45A-4428-B1B9-BF1B5681FCDD}.Release|ARM.Deploy.0 = Release|Any CPU
		{E6C2BCC9-C45A-4428-B1B9-BF1B5681FCDD}.Release|iPhone.ActiveCfg = Release|Any CPU
		{E6C2BCC9-C45A-4428-B1B9-BF1B5681FCDD}.Release|iPhone.Deploy.0 = Release|Any CPU
		{E6C2BCC9-C45A-4428-B1B9-BF1B5681FCDD}.Release|iPhoneSimulator.ActiveCfg = Release|Any CPU
		{E6C2BCC9-C45A-4428-B1B9-BF1B5681FCDD}.Release|iPhoneSimulator.Build.0 = Release|Any CPU
		{E6C2BCC9-C45A-4428-B1B9-BF1B5681FCDD}.Release|iPhoneSimulator.Deploy.0 = Release|Any CPU
		{E6C2BCC9-C45A-4428-B1B9-BF1B5681FCDD}.Release|x64.ActiveCfg = Release|Any CPU
		{E6C2BCC9-C45A-4428-B1B9-BF1B5681FCDD}.Release|x86.ActiveCfg = Release|Any CPU
		{E6C2BCC9-C45A-4428-B1B9-BF1B5681FCDD}.Release|x86.Build.0 = Release|Any CPU
		{E6C2BCC9-C45A-4428-B1B9-BF1B5681FCDD}.Release|x86.Deploy.0 = Release|Any CPU
		{56325A4B-2288-4DA1-9AE0-48F136B9D8E5}.AppStore|Any CPU.ActiveCfg = Release|iPhoneSimulator
		{56325A4B-2288-4DA1-9AE0-48F136B9D8E5}.AppStore|Any CPU.Build.0 = Release|iPhoneSimulator
		{56325A4B-2288-4DA1-9AE0-48F136B9D8E5}.AppStore|ARM.ActiveCfg = Release|iPhoneSimulator
		{56325A4B-2288-4DA1-9AE0-48F136B9D8E5}.AppStore|ARM.Build.0 = Release|iPhoneSimulator
		{56325A4B-2288-4DA1-9AE0-48F136B9D8E5}.AppStore|iPhone.ActiveCfg = Release|iPhone
		{56325A4B-2288-4DA1-9AE0-48F136B9D8E5}.AppStore|iPhone.Build.0 = Release|iPhone
		{56325A4B-2288-4DA1-9AE0-48F136B9D8E5}.AppStore|iPhoneSimulator.ActiveCfg = Release|iPhoneSimulator
		{56325A4B-2288-4DA1-9AE0-48F136B9D8E5}.AppStore|iPhoneSimulator.Build.0 = Release|iPhoneSimulator
		{56325A4B-2288-4DA1-9AE0-48F136B9D8E5}.AppStore|x64.ActiveCfg = Debug|iPhoneSimulator
		{56325A4B-2288-4DA1-9AE0-48F136B9D8E5}.AppStore|x64.Build.0 = Debug|iPhoneSimulator
		{56325A4B-2288-4DA1-9AE0-48F136B9D8E5}.AppStore|x86.ActiveCfg = Release|iPhoneSimulator
		{56325A4B-2288-4DA1-9AE0-48F136B9D8E5}.AppStore|x86.Build.0 = Release|iPhoneSimulator
		{56325A4B-2288-4DA1-9AE0-48F136B9D8E5}.Debug|Any CPU.ActiveCfg = Debug|iPhone
		{56325A4B-2288-4DA1-9AE0-48F136B9D8E5}.Debug|ARM.ActiveCfg = Debug|iPhone
		{56325A4B-2288-4DA1-9AE0-48F136B9D8E5}.Debug|iPhone.ActiveCfg = Debug|iPhone
		{56325A4B-2288-4DA1-9AE0-48F136B9D8E5}.Debug|iPhone.Build.0 = Debug|iPhone
		{56325A4B-2288-4DA1-9AE0-48F136B9D8E5}.Debug|iPhoneSimulator.ActiveCfg = Debug|iPhoneSimulator
		{56325A4B-2288-4DA1-9AE0-48F136B9D8E5}.Debug|iPhoneSimulator.Build.0 = Debug|iPhoneSimulator
		{56325A4B-2288-4DA1-9AE0-48F136B9D8E5}.Debug|x64.ActiveCfg = Debug|iPhoneSimulator
		{56325A4B-2288-4DA1-9AE0-48F136B9D8E5}.Debug|x86.ActiveCfg = Debug|iPhone
		{56325A4B-2288-4DA1-9AE0-48F136B9D8E5}.Release|Any CPU.ActiveCfg = Release|iPhone
		{56325A4B-2288-4DA1-9AE0-48F136B9D8E5}.Release|ARM.ActiveCfg = Release|iPhone
		{56325A4B-2288-4DA1-9AE0-48F136B9D8E5}.Release|iPhone.ActiveCfg = Release|iPhone
		{56325A4B-2288-4DA1-9AE0-48F136B9D8E5}.Release|iPhone.Build.0 = Release|iPhone
		{56325A4B-2288-4DA1-9AE0-48F136B9D8E5}.Release|iPhoneSimulator.ActiveCfg = Release|iPhoneSimulator
		{56325A4B-2288-4DA1-9AE0-48F136B9D8E5}.Release|iPhoneSimulator.Build.0 = Release|iPhoneSimulator
		{56325A4B-2288-4DA1-9AE0-48F136B9D8E5}.Release|x64.ActiveCfg = Release|iPhone
		{56325A4B-2288-4DA1-9AE0-48F136B9D8E5}.Release|x86.ActiveCfg = Release|iPhone
		{FA3BBEA8-C3BB-4712-89F6-032358ED1F15}.AppStore|Any CPU.ActiveCfg = Release|Any CPU
		{FA3BBEA8-C3BB-4712-89F6-032358ED1F15}.AppStore|Any CPU.Build.0 = Release|Any CPU
		{FA3BBEA8-C3BB-4712-89F6-032358ED1F15}.AppStore|ARM.ActiveCfg = Release|Any CPU
		{FA3BBEA8-C3BB-4712-89F6-032358ED1F15}.AppStore|ARM.Build.0 = Release|Any CPU
		{FA3BBEA8-C3BB-4712-89F6-032358ED1F15}.AppStore|iPhone.ActiveCfg = Release|Any CPU
		{FA3BBEA8-C3BB-4712-89F6-032358ED1F15}.AppStore|iPhone.Build.0 = Release|Any CPU
		{FA3BBEA8-C3BB-4712-89F6-032358ED1F15}.AppStore|iPhoneSimulator.ActiveCfg = Release|Any CPU
		{FA3BBEA8-C3BB-4712-89F6-032358ED1F15}.AppStore|iPhoneSimulator.Build.0 = Release|Any CPU
		{FA3BBEA8-C3BB-4712-89F6-032358ED1F15}.AppStore|x64.ActiveCfg = Debug|Any CPU
		{FA3BBEA8-C3BB-4712-89F6-032358ED1F15}.AppStore|x64.Build.0 = Debug|Any CPU
		{FA3BBEA8-C3BB-4712-89F6-032358ED1F15}.AppStore|x86.ActiveCfg = Release|Any CPU
		{FA3BBEA8-C3BB-4712-89F6-032358ED1F15}.AppStore|x86.Build.0 = Release|Any CPU
		{FA3BBEA8-C3BB-4712-89F6-032358ED1F15}.Debug|Any CPU.ActiveCfg = Debug|Any CPU
		{FA3BBEA8-C3BB-4712-89F6-032358ED1F15}.Debug|Any CPU.Build.0 = Debug|Any CPU
		{FA3BBEA8-C3BB-4712-89F6-032358ED1F15}.Debug|ARM.ActiveCfg = Debug|Any CPU
		{FA3BBEA8-C3BB-4712-89F6-032358ED1F15}.Debug|ARM.Build.0 = Debug|Any CPU
		{FA3BBEA8-C3BB-4712-89F6-032358ED1F15}.Debug|iPhone.ActiveCfg = Debug|Any CPU
		{FA3BBEA8-C3BB-4712-89F6-032358ED1F15}.Debug|iPhone.Build.0 = Debug|Any CPU
		{FA3BBEA8-C3BB-4712-89F6-032358ED1F15}.Debug|iPhoneSimulator.ActiveCfg = Debug|Any CPU
		{FA3BBEA8-C3BB-4712-89F6-032358ED1F15}.Debug|iPhoneSimulator.Build.0 = Debug|Any CPU
		{FA3BBEA8-C3BB-4712-89F6-032358ED1F15}.Debug|x64.ActiveCfg = Debug|Any CPU
		{FA3BBEA8-C3BB-4712-89F6-032358ED1F15}.Debug|x64.Build.0 = Debug|Any CPU
		{FA3BBEA8-C3BB-4712-89F6-032358ED1F15}.Debug|x86.ActiveCfg = Debug|Any CPU
		{FA3BBEA8-C3BB-4712-89F6-032358ED1F15}.Debug|x86.Build.0 = Debug|Any CPU
		{FA3BBEA8-C3BB-4712-89F6-032358ED1F15}.Release|Any CPU.ActiveCfg = Release|Any CPU
		{FA3BBEA8-C3BB-4712-89F6-032358ED1F15}.Release|Any CPU.Build.0 = Release|Any CPU
		{FA3BBEA8-C3BB-4712-89F6-032358ED1F15}.Release|ARM.ActiveCfg = Release|Any CPU
		{FA3BBEA8-C3BB-4712-89F6-032358ED1F15}.Release|ARM.Build.0 = Release|Any CPU
		{FA3BBEA8-C3BB-4712-89F6-032358ED1F15}.Release|iPhone.ActiveCfg = Release|Any CPU
		{FA3BBEA8-C3BB-4712-89F6-032358ED1F15}.Release|iPhone.Build.0 = Release|Any CPU
		{FA3BBEA8-C3BB-4712-89F6-032358ED1F15}.Release|iPhoneSimulator.ActiveCfg = Release|Any CPU
		{FA3BBEA8-C3BB-4712-89F6-032358ED1F15}.Release|iPhoneSimulator.Build.0 = Release|Any CPU
		{FA3BBEA8-C3BB-4712-89F6-032358ED1F15}.Release|x64.ActiveCfg = Release|Any CPU
		{FA3BBEA8-C3BB-4712-89F6-032358ED1F15}.Release|x64.Build.0 = Release|Any CPU
		{FA3BBEA8-C3BB-4712-89F6-032358ED1F15}.Release|x86.ActiveCfg = Release|Any CPU
		{FA3BBEA8-C3BB-4712-89F6-032358ED1F15}.Release|x86.Build.0 = Release|Any CPU
		{877B20A8-F4E9-467D-9ACF-A655BCF4D7B8}.AppStore|Any CPU.ActiveCfg = Release|Any CPU
		{877B20A8-F4E9-467D-9ACF-A655BCF4D7B8}.AppStore|Any CPU.Build.0 = Release|Any CPU
		{877B20A8-F4E9-467D-9ACF-A655BCF4D7B8}.AppStore|ARM.ActiveCfg = Release|Any CPU
		{877B20A8-F4E9-467D-9ACF-A655BCF4D7B8}.AppStore|ARM.Build.0 = Release|Any CPU
		{877B20A8-F4E9-467D-9ACF-A655BCF4D7B8}.AppStore|iPhone.ActiveCfg = Release|Any CPU
		{877B20A8-F4E9-467D-9ACF-A655BCF4D7B8}.AppStore|iPhone.Build.0 = Release|Any CPU
		{877B20A8-F4E9-467D-9ACF-A655BCF4D7B8}.AppStore|iPhoneSimulator.ActiveCfg = Release|Any CPU
		{877B20A8-F4E9-467D-9ACF-A655BCF4D7B8}.AppStore|iPhoneSimulator.Build.0 = Release|Any CPU
		{877B20A8-F4E9-467D-9ACF-A655BCF4D7B8}.AppStore|x64.ActiveCfg = Debug|Any CPU
		{877B20A8-F4E9-467D-9ACF-A655BCF4D7B8}.AppStore|x64.Build.0 = Debug|Any CPU
		{877B20A8-F4E9-467D-9ACF-A655BCF4D7B8}.AppStore|x86.ActiveCfg = Release|Any CPU
		{877B20A8-F4E9-467D-9ACF-A655BCF4D7B8}.AppStore|x86.Build.0 = Release|Any CPU
		{877B20A8-F4E9-467D-9ACF-A655BCF4D7B8}.Debug|Any CPU.ActiveCfg = Debug|Any CPU
		{877B20A8-F4E9-467D-9ACF-A655BCF4D7B8}.Debug|Any CPU.Build.0 = Debug|Any CPU
		{877B20A8-F4E9-467D-9ACF-A655BCF4D7B8}.Debug|ARM.ActiveCfg = Debug|Any CPU
		{877B20A8-F4E9-467D-9ACF-A655BCF4D7B8}.Debug|ARM.Build.0 = Debug|Any CPU
		{877B20A8-F4E9-467D-9ACF-A655BCF4D7B8}.Debug|iPhone.ActiveCfg = Debug|Any CPU
		{877B20A8-F4E9-467D-9ACF-A655BCF4D7B8}.Debug|iPhone.Build.0 = Debug|Any CPU
		{877B20A8-F4E9-467D-9ACF-A655BCF4D7B8}.Debug|iPhoneSimulator.ActiveCfg = Debug|Any CPU
		{877B20A8-F4E9-467D-9ACF-A655BCF4D7B8}.Debug|iPhoneSimulator.Build.0 = Debug|Any CPU
		{877B20A8-F4E9-467D-9ACF-A655BCF4D7B8}.Debug|x64.ActiveCfg = Debug|Any CPU
		{877B20A8-F4E9-467D-9ACF-A655BCF4D7B8}.Debug|x64.Build.0 = Debug|Any CPU
		{877B20A8-F4E9-467D-9ACF-A655BCF4D7B8}.Debug|x86.ActiveCfg = Debug|Any CPU
		{877B20A8-F4E9-467D-9ACF-A655BCF4D7B8}.Debug|x86.Build.0 = Debug|Any CPU
		{877B20A8-F4E9-467D-9ACF-A655BCF4D7B8}.Release|Any CPU.ActiveCfg = Release|Any CPU
		{877B20A8-F4E9-467D-9ACF-A655BCF4D7B8}.Release|Any CPU.Build.0 = Release|Any CPU
		{877B20A8-F4E9-467D-9ACF-A655BCF4D7B8}.Release|ARM.ActiveCfg = Release|Any CPU
		{877B20A8-F4E9-467D-9ACF-A655BCF4D7B8}.Release|ARM.Build.0 = Release|Any CPU
		{877B20A8-F4E9-467D-9ACF-A655BCF4D7B8}.Release|iPhone.ActiveCfg = Release|Any CPU
		{877B20A8-F4E9-467D-9ACF-A655BCF4D7B8}.Release|iPhone.Build.0 = Release|Any CPU
		{877B20A8-F4E9-467D-9ACF-A655BCF4D7B8}.Release|iPhoneSimulator.ActiveCfg = Release|Any CPU
		{877B20A8-F4E9-467D-9ACF-A655BCF4D7B8}.Release|iPhoneSimulator.Build.0 = Release|Any CPU
		{877B20A8-F4E9-467D-9ACF-A655BCF4D7B8}.Release|x64.ActiveCfg = Release|Any CPU
		{877B20A8-F4E9-467D-9ACF-A655BCF4D7B8}.Release|x64.Build.0 = Release|Any CPU
		{877B20A8-F4E9-467D-9ACF-A655BCF4D7B8}.Release|x86.ActiveCfg = Release|Any CPU
		{877B20A8-F4E9-467D-9ACF-A655BCF4D7B8}.Release|x86.Build.0 = Release|Any CPU
		{6B8DF39E-F52F-48A0-874B-2F2B107E2545}.AppStore|Any CPU.ActiveCfg = Release|Any CPU
		{6B8DF39E-F52F-48A0-874B-2F2B107E2545}.AppStore|Any CPU.Build.0 = Release|Any CPU
		{6B8DF39E-F52F-48A0-874B-2F2B107E2545}.AppStore|ARM.ActiveCfg = Release|Any CPU
		{6B8DF39E-F52F-48A0-874B-2F2B107E2545}.AppStore|ARM.Build.0 = Release|Any CPU
		{6B8DF39E-F52F-48A0-874B-2F2B107E2545}.AppStore|iPhone.ActiveCfg = Release|Any CPU
		{6B8DF39E-F52F-48A0-874B-2F2B107E2545}.AppStore|iPhone.Build.0 = Release|Any CPU
		{6B8DF39E-F52F-48A0-874B-2F2B107E2545}.AppStore|iPhoneSimulator.ActiveCfg = Release|Any CPU
		{6B8DF39E-F52F-48A0-874B-2F2B107E2545}.AppStore|iPhoneSimulator.Build.0 = Release|Any CPU
		{6B8DF39E-F52F-48A0-874B-2F2B107E2545}.AppStore|x64.ActiveCfg = Debug|Any CPU
		{6B8DF39E-F52F-48A0-874B-2F2B107E2545}.AppStore|x64.Build.0 = Debug|Any CPU
		{6B8DF39E-F52F-48A0-874B-2F2B107E2545}.AppStore|x86.ActiveCfg = Release|Any CPU
		{6B8DF39E-F52F-48A0-874B-2F2B107E2545}.AppStore|x86.Build.0 = Release|Any CPU
		{6B8DF39E-F52F-48A0-874B-2F2B107E2545}.Debug|Any CPU.ActiveCfg = Debug|Any CPU
		{6B8DF39E-F52F-48A0-874B-2F2B107E2545}.Debug|Any CPU.Build.0 = Debug|Any CPU
		{6B8DF39E-F52F-48A0-874B-2F2B107E2545}.Debug|ARM.ActiveCfg = Debug|Any CPU
		{6B8DF39E-F52F-48A0-874B-2F2B107E2545}.Debug|ARM.Build.0 = Debug|Any CPU
		{6B8DF39E-F52F-48A0-874B-2F2B107E2545}.Debug|iPhone.ActiveCfg = Debug|Any CPU
		{6B8DF39E-F52F-48A0-874B-2F2B107E2545}.Debug|iPhone.Build.0 = Debug|Any CPU
		{6B8DF39E-F52F-48A0-874B-2F2B107E2545}.Debug|iPhoneSimulator.ActiveCfg = Debug|Any CPU
		{6B8DF39E-F52F-48A0-874B-2F2B107E2545}.Debug|iPhoneSimulator.Build.0 = Debug|Any CPU
		{6B8DF39E-F52F-48A0-874B-2F2B107E2545}.Debug|x64.ActiveCfg = Debug|Any CPU
		{6B8DF39E-F52F-48A0-874B-2F2B107E2545}.Debug|x64.Build.0 = Debug|Any CPU
		{6B8DF39E-F52F-48A0-874B-2F2B107E2545}.Debug|x86.ActiveCfg = Debug|Any CPU
		{6B8DF39E-F52F-48A0-874B-2F2B107E2545}.Debug|x86.Build.0 = Debug|Any CPU
		{6B8DF39E-F52F-48A0-874B-2F2B107E2545}.Release|Any CPU.ActiveCfg = Release|Any CPU
		{6B8DF39E-F52F-48A0-874B-2F2B107E2545}.Release|Any CPU.Build.0 = Release|Any CPU
		{6B8DF39E-F52F-48A0-874B-2F2B107E2545}.Release|ARM.ActiveCfg = Release|Any CPU
		{6B8DF39E-F52F-48A0-874B-2F2B107E2545}.Release|ARM.Build.0 = Release|Any CPU
		{6B8DF39E-F52F-48A0-874B-2F2B107E2545}.Release|iPhone.ActiveCfg = Release|Any CPU
		{6B8DF39E-F52F-48A0-874B-2F2B107E2545}.Release|iPhone.Build.0 = Release|Any CPU
		{6B8DF39E-F52F-48A0-874B-2F2B107E2545}.Release|iPhoneSimulator.ActiveCfg = Release|Any CPU
		{6B8DF39E-F52F-48A0-874B-2F2B107E2545}.Release|iPhoneSimulator.Build.0 = Release|Any CPU
		{6B8DF39E-F52F-48A0-874B-2F2B107E2545}.Release|x64.ActiveCfg = Release|Any CPU
		{6B8DF39E-F52F-48A0-874B-2F2B107E2545}.Release|x64.Build.0 = Release|Any CPU
		{6B8DF39E-F52F-48A0-874B-2F2B107E2545}.Release|x86.ActiveCfg = Release|Any CPU
		{6B8DF39E-F52F-48A0-874B-2F2B107E2545}.Release|x86.Build.0 = Release|Any CPU
		{9F56383C-3723-47EA-9202-B2271D0FF56E}.AppStore|Any CPU.ActiveCfg = Release|Any CPU
		{9F56383C-3723-47EA-9202-B2271D0FF56E}.AppStore|Any CPU.Build.0 = Release|Any CPU
		{9F56383C-3723-47EA-9202-B2271D0FF56E}.AppStore|ARM.ActiveCfg = Release|Any CPU
		{9F56383C-3723-47EA-9202-B2271D0FF56E}.AppStore|ARM.Build.0 = Release|Any CPU
		{9F56383C-3723-47EA-9202-B2271D0FF56E}.AppStore|iPhone.ActiveCfg = Release|Any CPU
		{9F56383C-3723-47EA-9202-B2271D0FF56E}.AppStore|iPhone.Build.0 = Release|Any CPU
		{9F56383C-3723-47EA-9202-B2271D0FF56E}.AppStore|iPhoneSimulator.ActiveCfg = Release|Any CPU
		{9F56383C-3723-47EA-9202-B2271D0FF56E}.AppStore|iPhoneSimulator.Build.0 = Release|Any CPU
		{9F56383C-3723-47EA-9202-B2271D0FF56E}.AppStore|x64.ActiveCfg = Debug|Any CPU
		{9F56383C-3723-47EA-9202-B2271D0FF56E}.AppStore|x64.Build.0 = Debug|Any CPU
		{9F56383C-3723-47EA-9202-B2271D0FF56E}.AppStore|x86.ActiveCfg = Release|Any CPU
		{9F56383C-3723-47EA-9202-B2271D0FF56E}.AppStore|x86.Build.0 = Release|Any CPU
		{9F56383C-3723-47EA-9202-B2271D0FF56E}.Debug|Any CPU.ActiveCfg = Debug|Any CPU
		{9F56383C-3723-47EA-9202-B2271D0FF56E}.Debug|Any CPU.Build.0 = Debug|Any CPU
		{9F56383C-3723-47EA-9202-B2271D0FF56E}.Debug|ARM.ActiveCfg = Debug|Any CPU
		{9F56383C-3723-47EA-9202-B2271D0FF56E}.Debug|ARM.Build.0 = Debug|Any CPU
		{9F56383C-3723-47EA-9202-B2271D0FF56E}.Debug|iPhone.ActiveCfg = Debug|Any CPU
		{9F56383C-3723-47EA-9202-B2271D0FF56E}.Debug|iPhone.Build.0 = Debug|Any CPU
		{9F56383C-3723-47EA-9202-B2271D0FF56E}.Debug|iPhoneSimulator.ActiveCfg = Debug|Any CPU
		{9F56383C-3723-47EA-9202-B2271D0FF56E}.Debug|iPhoneSimulator.Build.0 = Debug|Any CPU
		{9F56383C-3723-47EA-9202-B2271D0FF56E}.Debug|x64.ActiveCfg = Debug|Any CPU
		{9F56383C-3723-47EA-9202-B2271D0FF56E}.Debug|x64.Build.0 = Debug|Any CPU
		{9F56383C-3723-47EA-9202-B2271D0FF56E}.Debug|x86.ActiveCfg = Debug|Any CPU
		{9F56383C-3723-47EA-9202-B2271D0FF56E}.Debug|x86.Build.0 = Debug|Any CPU
		{9F56383C-3723-47EA-9202-B2271D0FF56E}.Release|Any CPU.ActiveCfg = Release|Any CPU
		{9F56383C-3723-47EA-9202-B2271D0FF56E}.Release|Any CPU.Build.0 = Release|Any CPU
		{9F56383C-3723-47EA-9202-B2271D0FF56E}.Release|ARM.ActiveCfg = Release|Any CPU
		{9F56383C-3723-47EA-9202-B2271D0FF56E}.Release|ARM.Build.0 = Release|Any CPU
		{9F56383C-3723-47EA-9202-B2271D0FF56E}.Release|iPhone.ActiveCfg = Release|Any CPU
		{9F56383C-3723-47EA-9202-B2271D0FF56E}.Release|iPhone.Build.0 = Release|Any CPU
		{9F56383C-3723-47EA-9202-B2271D0FF56E}.Release|iPhoneSimulator.ActiveCfg = Release|Any CPU
		{9F56383C-3723-47EA-9202-B2271D0FF56E}.Release|iPhoneSimulator.Build.0 = Release|Any CPU
		{9F56383C-3723-47EA-9202-B2271D0FF56E}.Release|x64.ActiveCfg = Release|Any CPU
		{9F56383C-3723-47EA-9202-B2271D0FF56E}.Release|x64.Build.0 = Release|Any CPU
		{9F56383C-3723-47EA-9202-B2271D0FF56E}.Release|x86.ActiveCfg = Release|Any CPU
		{9F56383C-3723-47EA-9202-B2271D0FF56E}.Release|x86.Build.0 = Release|Any CPU
	EndGlobalSection
	GlobalSection(SolutionProperties) = preSolution
		HideSolutionNode = FALSE
	EndGlobalSection
	GlobalSection(NestedProjects) = preSolution
		{E6C2BCC9-C45A-4428-B1B9-BF1B5681FCDD} = {5FF552D4-8A9B-418C-9C32-B759E5592E5F}
		{56325A4B-2288-4DA1-9AE0-48F136B9D8E5} = {5FF552D4-8A9B-418C-9C32-B759E5592E5F}
		{FA3BBEA8-C3BB-4712-89F6-032358ED1F15} = {5FF552D4-8A9B-418C-9C32-B759E5592E5F}
		{877B20A8-F4E9-467D-9ACF-A655BCF4D7B8} = {703B24E3-3159-4960-891E-1548ED4889CE}
		{6B8DF39E-F52F-48A0-874B-2F2B107E2545} = {FB3FA6CD-1071-453E-91CA-B11BA56F64B9}
		{9F56383C-3723-47EA-9202-B2271D0FF56E} = {FB3FA6CD-1071-453E-91CA-B11BA56F64B9}
	EndGlobalSection
	GlobalSection(ExtensibilityGlobals) = postSolution
		SolutionGuid = {41EE4A10-032C-4914-90A4-DC63514058E7}
	EndGlobalSection
EndGlobal
