
Microsoft Visual Studio Solution File, Format Version 12.00
# Visual Studio Version 16
VisualStudioVersion = 16.0.29503.13
MinimumVisualStudioVersion = 10.0.40219.1
Project("{FAE04EC0-301F-11D3-BF4B-00C04F79EFBC}") = "SmartLock.Logic", "SmartLock.Logic.csproj", "{6B8DF39E-F52F-48A0-874B-2F2B107E2545}"
EndProject
Global
	GlobalSection(SolutionConfigurationPlatforms) = preSolution
		Debug|Any CPU = Debug|Any CPU
		Release|Any CPU = Release|Any CPU
	EndGlobalSection
	GlobalSection(ProjectConfigurationPlatforms) = postSolution
		{6B8DF39E-F52F-48A0-874B-2F2B107E2545}.Debug|Any CPU.ActiveCfg = Debug|Any CPU
		{6B8DF39E-F52F-48A0-874B-2F2B107E2545}.Debug|Any CPU.Build.0 = Debug|Any CPU
		{6B8DF39E-F52F-48A0-874B-2F2B107E2545}.Release|Any CPU.ActiveCfg = Release|Any CPU
		{6B8DF39E-F52F-48A0-874B-2F2B107E2545}.Release|Any CPU.Build.0 = Release|Any CPU
	EndGlobalSection
	GlobalSection(SolutionProperties) = preSolution
		HideSolutionNode = FALSE
	EndGlobalSection
	GlobalSection(ExtensibilityGlobals) = postSolution
		SolutionGuid = {0C8418E9-C402-4D57-9C56-D0136F7F6B31}
	EndGlobalSection
EndGlobal
